// !$*UTF8*$!
{
	archiveVersion = 1;
	classes = {
	};
	objectVersion = 56;
	objects = {

/* Begin PBXBuildFile section */
		B000003E8 /* Sources/Accessibility/SpeechManager.swift in Sources */ = {isa = PBXBuildFile; fileRef = A000003E8 /* Sources/Accessibility/SpeechManager.swift */; };
		B000003E9 /* Sources/App/AppState.swift in Sources */ = {isa = PBXBuildFile; fileRef = A000003E9 /* Sources/App/AppState.swift */; };
		B000003EA /* Sources/App/PlayPalaceApp.swift in Sources */ = {isa = PBXBuildFile; fileRef = A000003EA /* Sources/App/PlayPalaceApp.swift */; };
		B000003EB /* Sources/Audio/SoundManager.swift in Sources */ = {isa = PBXBuildFile; fileRef = A000003EB /* Sources/Audio/SoundManager.swift */; };
		B000003EC /* Sources/Models/BufferSystem.swift in Sources */ = {isa = PBXBuildFile; fileRef = A000003EC /* Sources/Models/BufferSystem.swift */; };
		B000003ED /* Sources/Models/ConfigManager.swift in Sources */ = {isa = PBXBuildFile; fileRef = A000003ED /* Sources/Models/ConfigManager.swift */; };
		B000003EE /* Sources/Models/Credentials.swift in Sources */ = {isa = PBXBuildFile; fileRef = A000003EE /* Sources/Models/Credentials.swift */; };
		B000003EF /* Sources/Models/GestureSettings.swift in Sources */ = {isa = PBXBuildFile; fileRef = A000003EF /* Sources/Models/GestureSettings.swift */; };
		B000003F0 /* Sources/Models/Packets.swift in Sources */ = {isa = PBXBuildFile; fileRef = A000003F0 /* Sources/Models/Packets.swift */; };
		B000003F1 /* Sources/Network/WebSocketClient.swift in Sources */ = {isa = PBXBuildFile; fileRef = A000003F1 /* Sources/Network/WebSocketClient.swift */; };
		B000003F2 /* Sources/Views/Components/AccessibleMenuList.swift in Sources */ = {isa = PBXBuildFile; fileRef = A000003F2 /* Sources/Views/Components/AccessibleMenuList.swift */; };
		B000003F3 /* Sources/Views/Components/ActionBar.swift in Sources */ = {isa = PBXBuildFile; fileRef = A000003F3 /* Sources/Views/Components/ActionBar.swift */; };
		B000003F4 /* Sources/Views/Components/GestureSettingsView.swift in Sources */ = {isa = PBXBuildFile; fileRef = A000003F4 /* Sources/Views/Components/GestureSettingsView.swift */; };
		B000003F5 /* Sources/Views/Components/KeyboardShortcutHandler.swift in Sources */ = {isa = PBXBuildFile; fileRef = A000003F5 /* Sources/Views/Components/KeyboardShortcutHandler.swift */; };
		B000003F6 /* Sources/Views/Components/MenuList_iOS.swift in Sources */ = {isa = PBXBuildFile; fileRef = A000003F6 /* Sources/Views/Components/MenuList_iOS.swift */; };
		B000003F7 /* Sources/Views/Login/LoginView.swift in Sources */ = {isa = PBXBuildFile; fileRef = A000003F7 /* Sources/Views/Login/LoginView.swift */; };
		B000003F8 /* Sources/Views/Login/LoginView_iOS.swift in Sources */ = {isa = PBXBuildFile; fileRef = A000003F8 /* Sources/Views/Login/LoginView_iOS.swift */; };
		B000003F9 /* Sources/Views/Login/RegistrationView.swift in Sources */ = {isa = PBXBuildFile; fileRef = A000003F9 /* Sources/Views/Login/RegistrationView.swift */; };
		B000003FA /* Sources/Views/Login/ServerManagerView.swift in Sources */ = {isa = PBXBuildFile; fileRef = A000003FA /* Sources/Views/Login/ServerManagerView.swift */; };
		B000003FB /* Sources/Views/Login/ServerManagerView_iOS.swift in Sources */ = {isa = PBXBuildFile; fileRef = A000003FB /* Sources/Views/Login/ServerManagerView_iOS.swift */; };
		B000003FC /* Sources/Views/Main/MainView.swift in Sources */ = {isa = PBXBuildFile; fileRef = A000003FC /* Sources/Views/Main/MainView.swift */; };
		B000003FD /* Sources/Views/Main/MainViewModel.swift in Sources */ = {isa = PBXBuildFile; fileRef = A000003FD /* Sources/Views/Main/MainViewModel.swift */; };
		B000003FE /* Sources/Views/Main/MainView_iOS.swift in Sources */ = {isa = PBXBuildFile; fileRef = A000003FE /* Sources/Views/Main/MainView_iOS.swift */; };
		B000003FF /* Sources/Assets.xcassets in Resources */ = {isa = PBXBuildFile; fileRef = A000003FF /* Sources/Assets.xcassets */; };
		B0000400 /* Sources/sounds in Resources */ = {isa = PBXBuildFile; fileRef = A0000400 /* Sources/sounds */; };
/* End PBXBuildFile section */

/* Begin PBXFileReference section */
		A000003E8 /* Sources/Accessibility/SpeechManager.swift */ = {isa = PBXFileReference; lastKnownFileType = sourcecode.swift; path = Sources/Accessibility/SpeechManager.swift; sourceTree = "<group>"; };
		A000003E9 /* Sources/App/AppState.swift */ = {isa = PBXFileReference; lastKnownFileType = sourcecode.swift; path = Sources/App/AppState.swift; sourceTree = "<group>"; };
		A000003EA /* Sources/App/PlayPalaceApp.swift */ = {isa = PBXFileReference; lastKnownFileType = sourcecode.swift; path = Sources/App/PlayPalaceApp.swift; sourceTree = "<group>"; };
		A000003EB /* Sources/Audio/SoundManager.swift */ = {isa = PBXFileReference; lastKnownFileType = sourcecode.swift; path = Sources/Audio/SoundManager.swift; sourceTree = "<group>"; };
		A000003EC /* Sources/Models/BufferSystem.swift */ = {isa = PBXFileReference; lastKnownFileType = sourcecode.swift; path = Sources/Models/BufferSystem.swift; sourceTree = "<group>"; };
		A000003ED /* Sources/Models/ConfigManager.swift */ = {isa = PBXFileReference; lastKnownFileType = sourcecode.swift; path = Sources/Models/ConfigManager.swift; sourceTree = "<group>"; };
		A000003EE /* Sources/Models/Credentials.swift */ = {isa = PBXFileReference; lastKnownFileType = sourcecode.swift; path = Sources/Models/Credentials.swift; sourceTree = "<group>"; };
		A000003EF /* Sources/Models/GestureSettings.swift */ = {isa = PBXFileReference; lastKnownFileType = sourcecode.swift; path = Sources/Models/GestureSettings.swift; sourceTree = "<group>"; };
		A000003F0 /* Sources/Models/Packets.swift */ = {isa = PBXFileReference; lastKnownFileType = sourcecode.swift; path = Sources/Models/Packets.swift; sourceTree = "<group>"; };
		A000003F1 /* Sources/Network/WebSocketClient.swift */ = {isa = PBXFileReference; lastKnownFileType = sourcecode.swift; path = Sources/Network/WebSocketClient.swift; sourceTree = "<group>"; };
		A000003F2 /* Sources/Views/Components/AccessibleMenuList.swift */ = {isa = PBXFileReference; lastKnownFileType = sourcecode.swift; path = Sources/Views/Components/AccessibleMenuList.swift; sourceTree = "<group>"; };
		A000003F3 /* Sources/Views/Components/ActionBar.swift */ = {isa = PBXFileReference; lastKnownFileType = sourcecode.swift; path = Sources/Views/Components/ActionBar.swift; sourceTree = "<group>"; };
		A000003F4 /* Sources/Views/Components/GestureSettingsView.swift */ = {isa = PBXFileReference; lastKnownFileType = sourcecode.swift; path = Sources/Views/Components/GestureSettingsView.swift; sourceTree = "<group>"; };
		A000003F5 /* Sources/Views/Components/KeyboardShortcutHandler.swift */ = {isa = PBXFileReference; lastKnownFileType = sourcecode.swift; path = Sources/Views/Components/KeyboardShortcutHandler.swift; sourceTree = "<group>"; };
		A000003F6 /* Sources/Views/Components/MenuList_iOS.swift */ = {isa = PBXFileReference; lastKnownFileType = sourcecode.swift; path = Sources/Views/Components/MenuList_iOS.swift; sourceTree = "<group>"; };
		A000003F7 /* Sources/Views/Login/LoginView.swift */ = {isa = PBXFileReference; lastKnownFileType = sourcecode.swift; path = Sources/Views/Login/LoginView.swift; sourceTree = "<group>"; };
		A000003F8 /* Sources/Views/Login/LoginView_iOS.swift */ = {isa = PBXFileReference; lastKnownFileType = sourcecode.swift; path = Sources/Views/Login/LoginView_iOS.swift; sourceTree = "<group>"; };
		A000003F9 /* Sources/Views/Login/RegistrationView.swift */ = {isa = PBXFileReference; lastKnownFileType = sourcecode.swift; path = Sources/Views/Login/RegistrationView.swift; sourceTree = "<group>"; };
		A000003FA /* Sources/Views/Login/ServerManagerView.swift */ = {isa = PBXFileReference; lastKnownFileType = sourcecode.swift; path = Sources/Views/Login/ServerManagerView.swift; sourceTree = "<group>"; };
		A000003FB /* Sources/Views/Login/ServerManagerView_iOS.swift */ = {isa = PBXFileReference; lastKnownFileType = sourcecode.swift; path = Sources/Views/Login/ServerManagerView_iOS.swift; sourceTree = "<group>"; };
		A000003FC /* Sources/Views/Main/MainView.swift */ = {isa = PBXFileReference; lastKnownFileType = sourcecode.swift; path = Sources/Views/Main/MainView.swift; sourceTree = "<group>"; };
		A000003FD /* Sources/Views/Main/MainViewModel.swift */ = {isa = PBXFileReference; lastKnownFileType = sourcecode.swift; path = Sources/Views/Main/MainViewModel.swift; sourceTree = "<group>"; };
		A000003FE /* Sources/Views/Main/MainView_iOS.swift */ = {isa = PBXFileReference; lastKnownFileType = sourcecode.swift; path = Sources/Views/Main/MainView_iOS.swift; sourceTree = "<group>"; };
		A000003FF /* Sources/Assets.xcassets */ = {isa = PBXFileReference; lastKnownFileType = folder.assetcatalog; path = Sources/Assets.xcassets; sourceTree = "<group>"; };
		A0000400 /* Sources/sounds */ = {isa = PBXFileReference; lastKnownFileType = folder; path = Sources/sounds; sourceTree = "<group>"; };
		C0000005 /* PlayPalace.app */ = {isa = PBXFileReference; explicitFileType = wrapper.application; includeInIndex = 0; path = PlayPalace.app; sourceTree = BUILT_PRODUCTS_DIR; };
/* End PBXFileReference section */

/* Begin PBXFrameworksBuildPhase section */
		C0000003 /* Frameworks */ = {
			isa = PBXFrameworksBuildPhase;
			buildActionMask = 2147483647;
			files = (
			);
			runOnlyForDeploymentPostprocessing = 0;
		};
/* End PBXFrameworksBuildPhase section */

/* Begin PBXGroup section */
		C0000001 = {
			isa = PBXGroup;
			children = (
				A000003E8 /* Sources/Accessibility/SpeechManager.swift */,
				A000003E9 /* Sources/App/AppState.swift */,
				A000003EA /* Sources/App/PlayPalaceApp.swift */,
				A000003EB /* Sources/Audio/SoundManager.swift */,
				A000003EC /* Sources/Models/BufferSystem.swift */,
				A000003ED /* Sources/Models/ConfigManager.swift */,
				A000003EE /* Sources/Models/Credentials.swift */,
				A000003EF /* Sources/Models/GestureSettings.swift */,
				A000003F0 /* Sources/Models/Packets.swift */,
				A000003F1 /* Sources/Network/WebSocketClient.swift */,
				A000003F2 /* Sources/Views/Components/AccessibleMenuList.swift */,
				A000003F3 /* Sources/Views/Components/ActionBar.swift */,
				A000003F4 /* Sources/Views/Components/GestureSettingsView.swift */,
				A000003F5 /* Sources/Views/Components/KeyboardShortcutHandler.swift */,
				A000003F6 /* Sources/Views/Components/MenuList_iOS.swift */,
				A000003F7 /* Sources/Views/Login/LoginView.swift */,
				A000003F8 /* Sources/Views/Login/LoginView_iOS.swift */,
				A000003F9 /* Sources/Views/Login/RegistrationView.swift */,
				A000003FA /* Sources/Views/Login/ServerManagerView.swift */,
				A000003FB /* Sources/Views/Login/ServerManagerView_iOS.swift */,
				A000003FC /* Sources/Views/Main/MainView.swift */,
				A000003FD /* Sources/Views/Main/MainViewModel.swift */,
				A000003FE /* Sources/Views/Main/MainView_iOS.swift */,
				A000003FF /* Sources/Assets.xcassets */,
				A0000400 /* Sources/sounds */,
			);
			sourceTree = "<group>";
		};
		C0000006 /* Products */ = {
			isa = PBXGroup;
			children = (
				C0000005 /* PlayPalace.app */,
			);
			name = Products;
			sourceTree = "<group>";
		};
		C0000007 = {
			isa = PBXGroup;
			children = (
				C0000001,
				C0000006 /* Products */,
			);
			sourceTree = "<group>";
		};
/* End PBXGroup section */

/* Begin PBXResourcesBuildPhase section */
		C0000010 /* Resources */ = {
			isa = PBXResourcesBuildPhase;
			buildActionMask = 2147483647;
			files = (
				B000003FF /* Sources/Assets.xcassets in Resources */,
				B0000400 /* Sources/sounds in Resources */,
			);
			runOnlyForDeploymentPostprocessing = 0;
		};
/* End PBXResourcesBuildPhase section */

/* Begin PBXNativeTarget section */
		C0000004 /* PlayPalace */ = {
			isa = PBXNativeTarget;
			buildConfigurationList = C0000008 /* Build configuration list for PBXNativeTarget "PlayPalace" */;
			buildPhases = (
				C0000002 /* Sources */,
				C0000003 /* Frameworks */,
				C0000010 /* Resources */,
			);
			buildRules = (
			);
			dependencies = (
			);
			name = PlayPalace;
			productName = PlayPalace;
			productReference = C0000005 /* PlayPalace.app */;
			productType = "com.apple.product-type.application";
		};
/* End PBXNativeTarget section */

/* Begin PBXProject section */
		C000000E /* Project object */ = {
			isa = PBXProject;
			attributes = {
			};
			buildConfigurationList = C000000B /* Build configuration list for PBXProject "PlayPalace" */;
			compatibilityVersion = "Xcode 14.0";
			developmentRegion = en;
			hasScannedForEncodings = 0;
			knownRegions = (
				en,
				Base,
			);
			mainGroup = C0000007;
			productRefGroup = C0000006 /* Products */;
			projectDirPath = "";
			projectRoot = "";
			targets = (
				C0000004 /* PlayPalace */,
			);
		};
/* End PBXProject section */

/* Begin PBXSourcesBuildPhase section */
		C0000002 /* Sources */ = {
			isa = PBXSourcesBuildPhase;
			buildActionMask = 2147483647;
			files = (
				B000003E8 /* Sources/Accessibility/SpeechManager.swift in Sources */,
				B000003E9 /* Sources/App/AppState.swift in Sources */,
				B000003EA /* Sources/App/PlayPalaceApp.swift in Sources */,
				B000003EB /* Sources/Audio/SoundManager.swift in Sources */,
				B000003EC /* Sources/Models/BufferSystem.swift in Sources */,
				B000003ED /* Sources/Models/ConfigManager.swift in Sources */,
				B000003EE /* Sources/Models/Credentials.swift in Sources */,
				B000003EF /* Sources/Models/GestureSettings.swift in Sources */,
				B000003F0 /* Sources/Models/Packets.swift in Sources */,
				B000003F1 /* Sources/Network/WebSocketClient.swift in Sources */,
				B000003F2 /* Sources/Views/Components/AccessibleMenuList.swift in Sources */,
				B000003F3 /* Sources/Views/Components/ActionBar.swift in Sources */,
				B000003F4 /* Sources/Views/Components/GestureSettingsView.swift in Sources */,
				B000003F5 /* Sources/Views/Components/KeyboardShortcutHandler.swift in Sources */,
				B000003F6 /* Sources/Views/Components/MenuList_iOS.swift in Sources */,
				B000003F7 /* Sources/Views/Login/LoginView.swift in Sources */,
				B000003F8 /* Sources/Views/Login/LoginView_iOS.swift in Sources */,
				B000003F9 /* Sources/Views/Login/RegistrationView.swift in Sources */,
				B000003FA /* Sources/Views/Login/ServerManagerView.swift in Sources */,
				B000003FB /* Sources/Views/Login/ServerManagerView_iOS.swift in Sources */,
				B000003FC /* Sources/Views/Main/MainView.swift in Sources */,
				B000003FD /* Sources/Views/Main/MainViewModel.swift in Sources */,
				B000003FE /* Sources/Views/Main/MainView_iOS.swift in Sources */,
			);
			runOnlyForDeploymentPostprocessing = 0;
		};
/* End PBXSourcesBuildPhase section */

/* Begin XCBuildConfiguration section */
		C0000009 /* Debug */ = {
			isa = XCBuildConfiguration;
			buildSettings = {
				ASSETCATALOG_COMPILER_APPICON_NAME = AppIcon;
				CODE_SIGN_STYLE = Automatic;
				CURRENT_PROJECT_VERSION = 1;
				DEVELOPMENT_TEAM = BJG744KCUJ;
				GENERATE_INFOPLIST_FILE = YES;
				INFOPLIST_KEY_CFBundleIconName = AppIcon;
				INFOPLIST_KEY_ITSAppUsesNonExemptEncryption = NO;
				INFOPLIST_KEY_UIApplicationSceneManifest_Generation = YES;
				INFOPLIST_KEY_UILaunchScreen_Generation = YES;
				INFOPLIST_KEY_UISupportedInterfaceOrientations_iPad = "UIInterfaceOrientationPortrait UIInterfaceOrientationPortraitUpsideDown UIInterfaceOrientationLandscapeLeft UIInterfaceOrientationLandscapeRight";
				INFOPLIST_KEY_UISupportedInterfaceOrientations_iPhone = "UIInterfaceOrientationPortrait UIInterfaceOrientationLandscapeLeft UIInterfaceOrientationLandscapeRight";
				IPHONEOS_DEPLOYMENT_TARGET = 17.0;
				MARKETING_VERSION = 0.2;
				PRODUCT_BUNDLE_IDENTIFIER = ca.cobd.playpalace.ios;
				PRODUCT_NAME = PlayPalace;
				SDKROOT = iphoneos;
				SUPPORTED_PLATFORMS = "iphoneos iphonesimulator";
				SWIFT_VERSION = 5.0;
				TARGETED_DEVICE_FAMILY = "1,2";
			};
			name = Debug;
		};
		C000000A /* Release */ = {
			isa = XCBuildConfiguration;
			buildSettings = {
				ASSETCATALOG_COMPILER_APPICON_NAME = AppIcon;
				CODE_SIGN_STYLE = Automatic;
				CURRENT_PROJECT_VERSION = 1;
				DEVELOPMENT_TEAM = BJG744KCUJ;
				GENERATE_INFOPLIST_FILE = YES;
				INFOPLIST_KEY_CFBundleIconName = AppIcon;
				INFOPLIST_KEY_ITSAppUsesNonExemptEncryption = NO;
				INFOPLIST_KEY_UIApplicationSceneManifest_Generation = YES;
				INFOPLIST_KEY_UILaunchScreen_Generation = YES;
				INFOPLIST_KEY_UISupportedInterfaceOrientations_iPad = "UIInterfaceOrientationPortrait UIInterfaceOrientationPortraitUpsideDown UIInterfaceOrientationLandscapeLeft UIInterfaceOrientationLandscapeRight";
				INFOPLIST_KEY_UISupportedInterfaceOrientations_iPhone = "UIInterfaceOrientationPortrait UIInterfaceOrientationLandscapeLeft UIInterfaceOrientationLandscapeRight";
				IPHONEOS_DEPLOYMENT_TARGET = 17.0;
				MARKETING_VERSION = 0.2;
				PRODUCT_BUNDLE_IDENTIFIER = ca.cobd.playpalace.ios;
				PRODUCT_NAME = PlayPalace;
				SDKROOT = iphoneos;
				SUPPORTED_PLATFORMS = "iphoneos iphonesimulator";
				SWIFT_VERSION = 5.0;
				TARGETED_DEVICE_FAMILY = "1,2";
			};
			name = Release;
		};
		C000000C /* Debug */ = {
			isa = XCBuildConfiguration;
			buildSettings = {
				ALWAYS_SEARCH_USER_PATHS = NO;
				CLANG_ENABLE_MODULES = YES;
				ENABLE_STRICT_OBJC_MSGSEND = YES;
				GCC_NO_COMMON_BLOCKS = YES;
				ONLY_ACTIVE_ARCH = YES;
				SWIFT_ACTIVE_COMPILATION_CONDITIONS = DEBUG;
				SWIFT_OPTIMIZATION_LEVEL = "-Onone";
			};
			name = Debug;
		};
		C000000D /* Release */ = {
			isa = XCBuildConfiguration;
			buildSettings = {
				ALWAYS_SEARCH_USER_PATHS = NO;
				CLANG_ENABLE_MODULES = YES;
				ENABLE_STRICT_OBJC_MSGSEND = YES;
				GCC_NO_COMMON_BLOCKS = YES;
				SWIFT_OPTIMIZATION_LEVEL = "-O";
			};
			name = Release;
		};
/* End XCBuildConfiguration section */

/* Begin XCConfigurationList section */
		C0000008 /* Build configuration list for PBXNativeTarget "PlayPalace" */ = {
			isa = XCConfigurationList;
			buildConfigurations = (
				C0000009 /* Debug */,
				C000000A /* Release */,
			);
			defaultConfigurationIsVisible = 0;
			defaultConfigurationName = Debug;
		};
		C000000B /* Build configuration list for PBXProject "PlayPalace" */ = {
			isa = XCConfigurationList;
			buildConfigurations = (
				C000000C /* Debug */,
				C000000D /* Release */,
			);
			defaultConfigurationIsVisible = 0;
			defaultConfigurationName = Debug;
		};
/* End XCConfigurationList section */
	};
	rootObject = C000000E /* Project object */;
}
